
Microsoft Visual Studio Solution File, Format Version 12.00
# Visual Studio Version 16
VisualStudioVersion = 16.0.31019.35
MinimumVisualStudioVersion = 10.0.40219.1
Project("{FAE04EC0-301F-11D3-BF4B-00C04F79EFBC}") = "20200140045_Tugas2_C", "20200140045_Tugas2_C.csproj", "{3D923B0B-085D-4FB5-87F6-08F9A9B6D928}"
EndProject
Global
	GlobalSection(SolutionConfigurationPlatforms) = preSolution
		Debug|Any CPU = Debug|Any CPU
		Release|Any CPU = Release|Any CPU
	EndGlobalSection
	GlobalSection(ProjectConfigurationPlatforms) = postSolution
		{3D923B0B-085D-4FB5-87F6-08F9A9B6D928}.Debug|Any CPU.ActiveCfg = Debug|Any CPU
		{3D923B0B-085D-4FB5-87F6-08F9A9B6D928}.Debug|Any CPU.Build.0 = Debug|Any CPU
		{3D923B0B-085D-4FB5-87F6-08F9A9B6D928}.Release|Any CPU.ActiveCfg = Release|Any CPU
		{3D923B0B-085D-4FB5-87F6-08F9A9B6D928}.Release|Any CPU.Build.0 = Release|Any CPU
	EndGlobalSection
	GlobalSection(SolutionProperties) = preSolution
		HideSolutionNode = FALSE
	EndGlobalSection
	GlobalSection(ExtensibilityGlobals) = postSolution
		SolutionGuid = {ECF563EA-7726-45FC-8802-FC20144BE019}
	EndGlobalSection
EndGlobal
